{
    "_readme": [
        "This file locks the dependencies of your project to a known state",
        "Read more about it at https://getcomposer.org/doc/01-basic-usage.md#installing-dependencies",
        "This file is @generated automatically"
    ],
    "content-hash": "ad195709a55f6abe56a50274baa29a66",
    "packages": [
        {
            "name": "monolog/monolog",
            "version": "2.3.1",
            "source": {
                "type": "git",
                "url": "https://github.com/Seldaek/monolog.git",
                "reference": "9738e495f288eec0b187e310b7cdbbb285777dbe"
            },
            "dist": {
                "type": "zip",
                "url": "https://api.github.com/repos/Seldaek/monolog/zipball/9738e495f288eec0b187e310b7cdbbb285777dbe",
                "reference": "9738e495f288eec0b187e310b7cdbbb285777dbe",
                "shasum": ""
            },
            "require": {
                "php": ">=7.2",
                "psr/log": "^1.0.1"
            },
            "provide": {
                "psr/log-implementation": "1.0.0"
            },
            "require-dev": {
                "aws/aws-sdk-php": "^2.4.9 || ^3.0",
                "doctrine/couchdb": "~1.0@dev",
                "elasticsearch/elasticsearch": "^7",
                "graylog2/gelf-php": "^1.4.2",
                "mongodb/mongodb": "^1.8",
                "php-amqplib/php-amqplib": "~2.4",
                "php-console/php-console": "^3.1.3",
                "phpspec/prophecy": "^1.6.1",
                "phpstan/phpstan": "^0.12.91",
                "phpunit/phpunit": "^8.5",
                "predis/predis": "^1.1",
                "rollbar/rollbar": "^1.3",
                "ruflin/elastica": ">=0.90 <7.0.1",
                "swiftmailer/swiftmailer": "^5.3|^6.0"
            },
            "suggest": {
                "aws/aws-sdk-php": "Allow sending log messages to AWS services like DynamoDB",
                "doctrine/couchdb": "Allow sending log messages to a CouchDB server",
                "elasticsearch/elasticsearch": "Allow sending log messages to an Elasticsearch server via official client",
                "ext-amqp": "Allow sending log messages to an AMQP server (1.0+ required)",
                "ext-mbstring": "Allow to work properly with unicode symbols",
                "ext-mongodb": "Allow sending log messages to a MongoDB server (via driver)",
                "graylog2/gelf-php": "Allow sending log messages to a GrayLog2 server",
                "mongodb/mongodb": "Allow sending log messages to a MongoDB server (via library)",
                "php-amqplib/php-amqplib": "Allow sending log messages to an AMQP server using php-amqplib",
                "php-console/php-console": "Allow sending log messages to Google Chrome",
                "rollbar/rollbar": "Allow sending log messages to Rollbar",
                "ruflin/elastica": "Allow sending log messages to an Elastic Search server"
            },
            "type": "library",
            "extra": {
                "branch-alias": {
                    "dev-main": "2.x-dev"
                }
            },
            "autoload": {
                "psr-4": {
                    "Monolog\\": "src/Monolog"
                }
            },
            "notification-url": "https://packagist.org/downloads/",
            "license": [
                "MIT"
            ],
            "authors": [
                {
                    "name": "Jordi Boggiano",
                    "email": "j.boggiano@seld.be",
                    "homepage": "https://seld.be"
                }
            ],
            "description": "Sends your logs to files, sockets, inboxes, databases and various web services",
            "homepage": "https://github.com/Seldaek/monolog",
            "keywords": [
                "log",
                "logging",
                "psr-3"
            ],
            "support": {
                "issues": "https://github.com/Seldaek/monolog/issues",
                "source": "https://github.com/Seldaek/monolog/tree/2.3.1"
            },
            "funding": [
                {
                    "url": "https://github.com/Seldaek",
                    "type": "github"
                },
                {
                    "url": "https://tidelift.com/funding/github/packagist/monolog/monolog",
                    "type": "tidelift"
                }
            ],
            "time": "2021-07-14T11:56:39+00:00"
        },
        {
            "name": "phpmailer/phpmailer",
            "version": "v6.5.0",
            "source": {
                "type": "git",
                "url": "https://github.com/PHPMailer/PHPMailer.git",
                "reference": "a5b5c43e50b7fba655f793ad27303cd74c57363c"
            },
            "dist": {
                "type": "zip",
                "url": "https://api.github.com/repos/PHPMailer/PHPMailer/zipball/a5b5c43e50b7fba655f793ad27303cd74c57363c",
                "reference": "a5b5c43e50b7fba655f793ad27303cd74c57363c",
                "shasum": ""
            },
            "require": {
                "ext-ctype": "*",
                "ext-filter": "*",
                "ext-hash": "*",
                "php": ">=5.5.0"
            },
            "require-dev": {
                "dealerdirect/phpcodesniffer-composer-installer": "^0.7.0",
                "doctrine/annotations": "^1.2",
                "phpcompatibility/php-compatibility": "^9.3.5",
                "roave/security-advisories": "dev-latest",
                "squizlabs/php_codesniffer": "^3.5.6",
                "yoast/phpunit-polyfills": "^0.2.0"
            },
            "suggest": {
                "ext-mbstring": "Needed to send email in multibyte encoding charset or decode encoded addresses",
                "hayageek/oauth2-yahoo": "Needed for Yahoo XOAUTH2 authentication",
                "league/oauth2-google": "Needed for Google XOAUTH2 authentication",
                "psr/log": "For optional PSR-3 debug logging",
                "stevenmaguire/oauth2-microsoft": "Needed for Microsoft XOAUTH2 authentication",
                "symfony/polyfill-mbstring": "To support UTF-8 if the Mbstring PHP extension is not enabled (^1.2)"
            },
            "type": "library",
            "autoload": {
                "psr-4": {
                    "PHPMailer\\PHPMailer\\": "src/"
                }
            },
            "notification-url": "https://packagist.org/downloads/",
            "license": [
                "LGPL-2.1-only"
            ],
            "authors": [
                {
                    "name": "Marcus Bointon",
                    "email": "phpmailer@synchromedia.co.uk"
                },
                {
                    "name": "Jim Jagielski",
                    "email": "jimjag@gmail.com"
                },
                {
                    "name": "Andy Prevost",
                    "email": "codeworxtech@users.sourceforge.net"
                },
                {
                    "name": "Brent R. Matzelle"
                }
            ],
            "description": "PHPMailer is a full-featured email creation and transfer class for PHP",
            "support": {
                "issues": "https://github.com/PHPMailer/PHPMailer/issues",
                "source": "https://github.com/PHPMailer/PHPMailer/tree/v6.5.0"
            },
            "funding": [
                {
                    "url": "https://github.com/Synchro",
                    "type": "github"
                }
            ],
            "time": "2021-06-16T14:33:43+00:00"
        },
        {
            "name": "plasticbrain/php-flash-messages",
            "version": "v1.0.1",
            "source": {
                "type": "git",
                "url": "https://github.com/plasticbrain/PhpFlashMessages.git",
                "reference": "b565762619342057ce561de20d0f2f6e14f9aa77"
            },
            "dist": {
                "type": "zip",
                "url": "https://api.github.com/repos/plasticbrain/PhpFlashMessages/zipball/b565762619342057ce561de20d0f2f6e14f9aa77",
                "reference": "b565762619342057ce561de20d0f2f6e14f9aa77",
                "shasum": ""
            },
            "require": {
                "php": ">=5.4.0"
            },
            "type": "library",
            "autoload": {
                "psr-4": {
                    "Plasticbrain\\FlashMessages\\": "src/"
                }
            },
            "notification-url": "https://packagist.org/downloads/",
            "license": [
                "MIT"
            ],
            "authors": [
                {
                    "name": "Mike Everhart",
                    "email": "mike@plasticbrain.net"
                }
            ],
            "description": "A modern take on PHP session-based flash messages",
            "keywords": [
                "bootstrap",
                "flash",
                "messages",
                "session"
            ],
            "support": {
                "issues": "https://github.com/plasticbrain/PhpFlashMessages/issues",
                "source": "https://github.com/plasticbrain/PhpFlashMessages/tree/master"
            },
            "time": "2016-04-01T08:39:38+00:00"
        },
        {
            "name": "psr/log",
            "version": "1.1.4",
            "source": {
                "type": "git",
                "url": "https://github.com/php-fig/log.git",
                "reference": "d49695b909c3b7628b6289db5479a1c204601f11"
            },
            "dist": {
                "type": "zip",
                "url": "https://api.github.com/repos/php-fig/log/zipball/d49695b909c3b7628b6289db5479a1c204601f11",
                "reference": "d49695b909c3b7628b6289db5479a1c204601f11",
                "shasum": ""
            },
            "require": {
                "php": ">=5.3.0"
            },
            "type": "library",
            "extra": {
                "branch-alias": {
                    "dev-master": "1.1.x-dev"
                }
            },
            "autoload": {
                "psr-4": {
                    "Psr\\Log\\": "Psr/Log/"
                }
            },
            "notification-url": "https://packagist.org/downloads/",
            "license": [
                "MIT"
            ],
            "authors": [
                {
                    "name": "PHP-FIG",
                    "homepage": "https://www.php-fig.org/"
                }
            ],
            "description": "Common interface for logging libraries",
            "homepage": "https://github.com/php-fig/log",
            "keywords": [
                "log",
                "psr",
                "psr-3"
            ],
            "support": {
                "source": "https://github.com/php-fig/log/tree/1.1.4"
            },
            "time": "2021-05-03T11:20:27+00:00"
        },
        {
            "name": "tamtamchik/simple-flash",
            "version": "2.0.1",
            "source": {
                "type": "git",
                "url": "https://github.com/tamtamchik/simple-flash.git",
                "reference": "62fc3d59df2cc5bbd746af25f488b76585362c45"
            },
            "dist": {
                "type": "zip",
                "url": "https://api.github.com/repos/tamtamchik/simple-flash/zipball/62fc3d59df2cc5bbd746af25f488b76585362c45",
                "reference": "62fc3d59df2cc5bbd746af25f488b76585362c45",
                "shasum": ""
            },
            "require": {
                "php": ">=5.4.0"
            },
            "require-dev": {
                "phpunit/phpunit": "^8",
                "scrutinizer/ocular": "1.*"
            },
            "type": "library",
            "extra": {
                "branch-alias": {
                    "dev-master": "2.0.x-dev",
                    "1.2.x": "1.2.x-dev",
                    "1.1.x": "1.1.x-dev",
                    "1.0.x": "1.0.x-dev"
                }
            },
            "autoload": {
                "psr-4": {
                    "Tamtamchik\\SimpleFlash\\": "src"
                },
                "files": [
                    "src/function.php"
                ]
            },
            "notification-url": "https://packagist.org/downloads/",
            "license": [
                "MIT"
            ],
            "authors": [
                {
                    "name": "Yuri Tkachenko",
                    "email": "yuri.tam.tkachenko@gmail.com",
                    "homepage": "http://tamtamchika.net"
                }
            ],
            "description": "Easy, framework agnostic flash notifications for PHP.",
            "homepage": "http://github.com/tamtamchik/simple-flash",
            "keywords": [
                "agnostic",
                "flash",
                "messages",
                "notifications"
            ],
            "support": {
                "issues": "https://github.com/tamtamchik/simple-flash/issues",
                "source": "https://github.com/tamtamchik/simple-flash/tree/2.0.1"
            },
            "time": "2020-12-28T10:04:47+00:00"
        },
        {
            "name": "wixel/gump",
            "version": "v1.11.0",
            "source": {
                "type": "git",
                "url": "https://github.com/Wixel/GUMP.git",
                "reference": "becdf2e7941ba56171063de81dd1c2100fa496f6"
            },
            "dist": {
                "type": "zip",
                "url": "https://api.github.com/repos/Wixel/GUMP/zipball/becdf2e7941ba56171063de81dd1c2100fa496f6",
                "reference": "becdf2e7941ba56171063de81dd1c2100fa496f6",
                "shasum": ""
            },
            "require": {
                "ext-json": "*",
                "ext-mbstring": "*",
                "php": ">=7.0"
            },
            "require-dev": {
                "kamermans/docblock-reflection": "^1.0",
                "maddhatter/markdown-table": "^1.0",
                "mockery/mockery": "^1.3",
                "php-coveralls/php-coveralls": "^2.2",
                "phpunit/phpunit": "^6"
            },
            "type": "library",
            "autoload": {
                "files": [
                    "gump.class.php"
                ],
                "psr-4": {
                    "GUMP\\": "src/"
                }
            },
            "notification-url": "https://packagist.org/downloads/",
            "license": [
                "MIT"
            ],
            "authors": [
                {
                    "name": "Sean Nieuwoudt",
                    "homepage": "https://wixelhq.com"
                },
                {
                    "name": "Filis Futsarov",
                    "homepage": "https://filis.me"
                }
            ],
            "description": "A fast, extensible & stand-alone PHP input validation class that allows you to validate any data.",
            "homepage": "https://wixelhq.com/",
            "keywords": [
                "validate",
                "validation",
                "validator"
            ],
            "support": {
                "issues": "https://github.com/Wixel/GUMP/issues",
                "source": "https://github.com/Wixel/GUMP/tree/v1.11.0"
            },
            "time": "2020-03-17T20:10:57+00:00"
        }
    ],
    "packages-dev": [],
    "aliases": [],
    "minimum-stability": "stable",
    "stability-flags": [],
    "prefer-stable": false,
    "prefer-lowest": false,
    "platform": [],
    "platform-dev": [],
    "plugin-api-version": "2.1.0"
}
